
Microsoft Visual Studio Solution File, Format Version 12.00
# Visual Studio Version 16
VisualStudioVersion = 16.0.30611.23
MinimumVisualStudioVersion = 10.0.40219.1
Project("{9A19103F-16F7-4668-BE54-9A1E7A4F7556}") = "WebApliClientRest", "WebApliClientRest.csproj", "{D5F3F6DC-CCBD-4C0F-A15E-3F86D9D23389}"
EndProject
Project("{FAE04EC0-301F-11D3-BF4B-00C04F79EFBC}") = "Web Service Meteo", "..\Web Service Meteo\Web Service Meteo.csproj", "{3F2B27BB-3672-4574-A8AF-E48055D1BD34}"
EndProject
Project("{FAE04EC0-301F-11D3-BF4B-00C04F79EFBC}") = "Web ServiceClientRest_RYAD", "..\Web ServiceClientRest_RYAD\Web ServiceClientRest_RYAD.csproj", "{49458CD3-44B5-4939-84A0-39E5E9296CAF}"
EndProject
Project("{FAE04EC0-301F-11D3-BF4B-00C04F79EFBC}") = "WebApiClientRestVersion2", "..\WebApiClientRestVersion2\WebApiClientRestVersion2.csproj", "{FE49D507-9329-4D68-9B6D-627DDD1CCFEE}"
EndProject
Global
	GlobalSection(SolutionConfigurationPlatforms) = preSolution
		Debug|Any CPU = Debug|Any CPU
		Release|Any CPU = Release|Any CPU
	EndGlobalSection
	GlobalSection(ProjectConfigurationPlatforms) = postSolution
		{D5F3F6DC-CCBD-4C0F-A15E-3F86D9D23389}.Debug|Any CPU.ActiveCfg = Debug|Any CPU
		{D5F3F6DC-CCBD-4C0F-A15E-3F86D9D23389}.Debug|Any CPU.Build.0 = Debug|Any CPU
		{D5F3F6DC-CCBD-4C0F-A15E-3F86D9D23389}.Release|Any CPU.ActiveCfg = Release|Any CPU
		{D5F3F6DC-CCBD-4C0F-A15E-3F86D9D23389}.Release|Any CPU.Build.0 = Release|Any CPU
		{3F2B27BB-3672-4574-A8AF-E48055D1BD34}.Debug|Any CPU.ActiveCfg = Debug|Any CPU
		{3F2B27BB-3672-4574-A8AF-E48055D1BD34}.Debug|Any CPU.Build.0 = Debug|Any CPU
		{3F2B27BB-3672-4574-A8AF-E48055D1BD34}.Release|Any CPU.ActiveCfg = Release|Any CPU
		{3F2B27BB-3672-4574-A8AF-E48055D1BD34}.Release|Any CPU.Build.0 = Release|Any CPU
		{49458CD3-44B5-4939-84A0-39E5E9296CAF}.Debug|Any CPU.ActiveCfg = Debug|Any CPU
		{49458CD3-44B5-4939-84A0-39E5E9296CAF}.Debug|Any CPU.Build.0 = Debug|Any CPU
		{49458CD3-44B5-4939-84A0-39E5E9296CAF}.Release|Any CPU.ActiveCfg = Release|Any CPU
		{49458CD3-44B5-4939-84A0-39E5E9296CAF}.Release|Any CPU.Build.0 = Release|Any CPU
		{FE49D507-9329-4D68-9B6D-627DDD1CCFEE}.Debug|Any CPU.ActiveCfg = Debug|Any CPU
		{FE49D507-9329-4D68-9B6D-627DDD1CCFEE}.Debug|Any CPU.Build.0 = Debug|Any CPU
		{FE49D507-9329-4D68-9B6D-627DDD1CCFEE}.Release|Any CPU.ActiveCfg = Release|Any CPU
		{FE49D507-9329-4D68-9B6D-627DDD1CCFEE}.Release|Any CPU.Build.0 = Release|Any CPU
	EndGlobalSection
	GlobalSection(SolutionProperties) = preSolution
		HideSolutionNode = FALSE
	EndGlobalSection
	GlobalSection(ExtensibilityGlobals) = postSolution
		SolutionGuid = {76CDA111-87F0-4512-91CA-132A23F266CD}
	EndGlobalSection
EndGlobal
